
Microsoft Visual Studio Solution File, Format Version 12.00
# Visual Studio Version 16
VisualStudioVersion = 16.0.32106.194
MinimumVisualStudioVersion = 10.0.40219.1
Project("{FAE04EC0-301F-11D3-BF4B-00C04F79EFBC}") = "DemoProject", "DemoProject\DemoProject.csproj", "{835DF282-7DBB-47C7-990A-0FFA4C278516}"
EndProject
Global
	GlobalSection(SolutionConfigurationPlatforms) = preSolution
		Debug|Any CPU = Debug|Any CPU
		Release|Any CPU = Release|Any CPU
	EndGlobalSection
	GlobalSection(ProjectConfigurationPlatforms) = postSolution
		{835DF282-7DBB-47C7-990A-0FFA4C278516}.Debug|Any CPU.ActiveCfg = Debug|Any CPU
		{835DF282-7DBB-47C7-990A-0FFA4C278516}.Debug|Any CPU.Build.0 = Debug|Any CPU
		{835DF282-7DBB-47C7-990A-0FFA4C278516}.Release|Any CPU.ActiveCfg = Release|Any CPU
		{835DF282-7DBB-47C7-990A-0FFA4C278516}.Release|Any CPU.Build.0 = Release|Any CPU
	EndGlobalSection
	GlobalSection(SolutionProperties) = preSolution
		HideSolutionNode = FALSE
	EndGlobalSection
	GlobalSection(ExtensibilityGlobals) = postSolution
		SolutionGuid = {45906A3E-F53B-40E5-95DD-815C35D09611}
	EndGlobalSection
EndGlobal
